
Microsoft Visual Studio Solution File, Format Version 12.00
# Visual Studio Version 17
VisualStudioVersion = 17.5.002.0
MinimumVisualStudioVersion = 10.0.40219.1
Project("{2150E333-8FDC-42A3-9474-1A3956D46DE8}") = "sandbox", "sandbox", "{889D779D-954C-449F-B8A4-DFE855361CDD}"
EndProject
Project("{9A19103F-16F7-4668-BE54-9A1E7A4F7556}") = "sandbox_project", "sandbox\sandbox_project\sandbox_project.csproj", "{CB8E33D0-780E-4827-9889-083D15836B43}"
EndProject
Project("{2150E333-8FDC-42A3-9474-1A3956D46DE8}") = "week01", "week01", "{265EC6F3-0EBE-4A91-B187-E884101DDB32}"
EndProject
Project("{9A19103F-16F7-4668-BE54-9A1E7A4F7556}") = "analyze", "week01\analyze\analyze.csproj", "{D86B170C-DDD8-4A6A-9E8B-11269989FCF8}"
EndProject
Project("{9A19103F-16F7-4668-BE54-9A1E7A4F7556}") = "code", "week01\code\code.csproj", "{E15F3564-5CCD-4EBA-87B3-1640245EEE2A}"
EndProject
Project("{9A19103F-16F7-4668-BE54-9A1E7A4F7556}") = "teach", "week01\teach\teach.csproj", "{AE1997D7-FC5D-459D-A4CC-26004E2238AE}"
EndProject
Project("{2150E333-8FDC-42A3-9474-1A3956D46DE8}") = "week02", "week02", "{EB16D164-A7E0-4F16-AE4F-95F0B8342CBF}"
EndProject
Project("{9A19103F-16F7-4668-BE54-9A1E7A4F7556}") = "analyze", "week02\analyze\analyze.csproj", "{0096B558-D941-4748-9011-87E610D042C9}"
EndProject
Project("{9A19103F-16F7-4668-BE54-9A1E7A4F7556}") = "code", "week02\code\code.csproj", "{82D37501-6C4A-4198-AAFE-7605A9023F29}"
EndProject
Project("{9A19103F-16F7-4668-BE54-9A1E7A4F7556}") = "learn", "week02\learn\learn.csproj", "{283A16C6-3BD9-4265-80D6-0C010142766D}"
EndProject
Project("{9A19103F-16F7-4668-BE54-9A1E7A4F7556}") = "teach", "week02\teach\teach.csproj", "{F7069065-18F6-41EE-9A66-CEFED404DAA8}"
EndProject
Project("{2150E333-8FDC-42A3-9474-1A3956D46DE8}") = "week03", "week03", "{91C8A99A-AA18-495F-8804-61C1333D1F37}"
EndProject
Project("{9A19103F-16F7-4668-BE54-9A1E7A4F7556}") = "code", "week03\code\code.csproj", "{38D793B0-2B04-41E8-9A5C-F504DA0CC25E}"
EndProject
Project("{9A19103F-16F7-4668-BE54-9A1E7A4F7556}") = "learn", "week03\learn\learn.csproj", "{687BBFCF-90EE-42CD-BB21-99A542ABBB3E}"
EndProject
Project("{9A19103F-16F7-4668-BE54-9A1E7A4F7556}") = "teach", "week03\teach\teach.csproj", "{3EEABCDF-25A4-4D93-A57F-661B6CB7DF0A}"
EndProject
Project("{2150E333-8FDC-42A3-9474-1A3956D46DE8}") = "week04", "week04", "{F3FAD01D-619B-4B90-8D10-5C4587DA5723}"
EndProject
Project("{9A19103F-16F7-4668-BE54-9A1E7A4F7556}") = "code", "week04\code\code.csproj", "{EFEECB7C-9E87-4D30-BBF8-5F3B71F0236A}"
EndProject
Project("{2150E333-8FDC-42A3-9474-1A3956D46DE8}") = "week05", "week05", "{D07C5E78-73E2-4B6D-B822-44D5F1B6A4AD}"
EndProject
Project("{9A19103F-16F7-4668-BE54-9A1E7A4F7556}") = "code", "week05\code\code.csproj", "{8E86EF63-5617-44B1-BB33-B58362ED4CBC}"
EndProject
Project("{2150E333-8FDC-42A3-9474-1A3956D46DE8}") = "week06", "week06", "{DB356562-63E4-438B-AE20-89D942026868}"
EndProject
Project("{9A19103F-16F7-4668-BE54-9A1E7A4F7556}") = "code", "week06\code\code.csproj", "{C2ACB673-FAE1-4386-9AFA-01C2531660CF}"
EndProject
Global
	GlobalSection(SolutionConfigurationPlatforms) = preSolution
		Debug|Any CPU = Debug|Any CPU
		Release|Any CPU = Release|Any CPU
	EndGlobalSection
	GlobalSection(ProjectConfigurationPlatforms) = postSolution
		{CB8E33D0-780E-4827-9889-083D15836B43}.Debug|Any CPU.ActiveCfg = Debug|Any CPU
		{CB8E33D0-780E-4827-9889-083D15836B43}.Debug|Any CPU.Build.0 = Debug|Any CPU
		{CB8E33D0-780E-4827-9889-083D15836B43}.Release|Any CPU.ActiveCfg = Release|Any CPU
		{CB8E33D0-780E-4827-9889-083D15836B43}.Release|Any CPU.Build.0 = Release|Any CPU
		{D86B170C-DDD8-4A6A-9E8B-11269989FCF8}.Debug|Any CPU.ActiveCfg = Debug|Any CPU
		{D86B170C-DDD8-4A6A-9E8B-11269989FCF8}.Debug|Any CPU.Build.0 = Debug|Any CPU
		{D86B170C-DDD8-4A6A-9E8B-11269989FCF8}.Release|Any CPU.ActiveCfg = Release|Any CPU
		{D86B170C-DDD8-4A6A-9E8B-11269989FCF8}.Release|Any CPU.Build.0 = Release|Any CPU
		{E15F3564-5CCD-4EBA-87B3-1640245EEE2A}.Debug|Any CPU.ActiveCfg = Debug|Any CPU
		{E15F3564-5CCD-4EBA-87B3-1640245EEE2A}.Debug|Any CPU.Build.0 = Debug|Any CPU
		{E15F3564-5CCD-4EBA-87B3-1640245EEE2A}.Release|Any CPU.ActiveCfg = Release|Any CPU
		{E15F3564-5CCD-4EBA-87B3-1640245EEE2A}.Release|Any CPU.Build.0 = Release|Any CPU
		{AE1997D7-FC5D-459D-A4CC-26004E2238AE}.Debug|Any CPU.ActiveCfg = Debug|Any CPU
		{AE1997D7-FC5D-459D-A4CC-26004E2238AE}.Debug|Any CPU.Build.0 = Debug|Any CPU
		{AE1997D7-FC5D-459D-A4CC-26004E2238AE}.Release|Any CPU.ActiveCfg = Release|Any CPU
		{AE1997D7-FC5D-459D-A4CC-26004E2238AE}.Release|Any CPU.Build.0 = Release|Any CPU
		{0096B558-D941-4748-9011-87E610D042C9}.Debug|Any CPU.ActiveCfg = Debug|Any CPU
		{0096B558-D941-4748-9011-87E610D042C9}.Debug|Any CPU.Build.0 = Debug|Any CPU
		{0096B558-D941-4748-9011-87E610D042C9}.Release|Any CPU.ActiveCfg = Release|Any CPU
		{0096B558-D941-4748-9011-87E610D042C9}.Release|Any CPU.Build.0 = Release|Any CPU
		{82D37501-6C4A-4198-AAFE-7605A9023F29}.Debug|Any CPU.ActiveCfg = Debug|Any CPU
		{82D37501-6C4A-4198-AAFE-7605A9023F29}.Debug|Any CPU.Build.0 = Debug|Any CPU
		{82D37501-6C4A-4198-AAFE-7605A9023F29}.Release|Any CPU.ActiveCfg = Release|Any CPU
		{82D37501-6C4A-4198-AAFE-7605A9023F29}.Release|Any CPU.Build.0 = Release|Any CPU
		{283A16C6-3BD9-4265-80D6-0C010142766D}.Debug|Any CPU.ActiveCfg = Debug|Any CPU
		{283A16C6-3BD9-4265-80D6-0C010142766D}.Debug|Any CPU.Build.0 = Debug|Any CPU
		{283A16C6-3BD9-4265-80D6-0C010142766D}.Release|Any CPU.ActiveCfg = Release|Any CPU
		{283A16C6-3BD9-4265-80D6-0C010142766D}.Release|Any CPU.Build.0 = Release|Any CPU
		{F7069065-18F6-41EE-9A66-CEFED404DAA8}.Debug|Any CPU.ActiveCfg = Debug|Any CPU
		{F7069065-18F6-41EE-9A66-CEFED404DAA8}.Debug|Any CPU.Build.0 = Debug|Any CPU
		{F7069065-18F6-41EE-9A66-CEFED404DAA8}.Release|Any CPU.ActiveCfg = Release|Any CPU
		{F7069065-18F6-41EE-9A66-CEFED404DAA8}.Release|Any CPU.Build.0 = Release|Any CPU
		{38D793B0-2B04-41E8-9A5C-F504DA0CC25E}.Debug|Any CPU.ActiveCfg = Debug|Any CPU
		{38D793B0-2B04-41E8-9A5C-F504DA0CC25E}.Debug|Any CPU.Build.0 = Debug|Any CPU
		{38D793B0-2B04-41E8-9A5C-F504DA0CC25E}.Release|Any CPU.ActiveCfg = Release|Any CPU
		{38D793B0-2B04-41E8-9A5C-F504DA0CC25E}.Release|Any CPU.Build.0 = Release|Any CPU
		{687BBFCF-90EE-42CD-BB21-99A542ABBB3E}.Debug|Any CPU.ActiveCfg = Debug|Any CPU
		{687BBFCF-90EE-42CD-BB21-99A542ABBB3E}.Debug|Any CPU.Build.0 = Debug|Any CPU
		{687BBFCF-90EE-42CD-BB21-99A542ABBB3E}.Release|Any CPU.ActiveCfg = Release|Any CPU
		{687BBFCF-90EE-42CD-BB21-99A542ABBB3E}.Release|Any CPU.Build.0 = Release|Any CPU
		{3EEABCDF-25A4-4D93-A57F-661B6CB7DF0A}.Debug|Any CPU.ActiveCfg = Debug|Any CPU
		{3EEABCDF-25A4-4D93-A57F-661B6CB7DF0A}.Debug|Any CPU.Build.0 = Debug|Any CPU
		{3EEABCDF-25A4-4D93-A57F-661B6CB7DF0A}.Release|Any CPU.ActiveCfg = Release|Any CPU
		{3EEABCDF-25A4-4D93-A57F-661B6CB7DF0A}.Release|Any CPU.Build.0 = Release|Any CPU
		{EFEECB7C-9E87-4D30-BBF8-5F3B71F0236A}.Debug|Any CPU.ActiveCfg = Debug|Any CPU
		{EFEECB7C-9E87-4D30-BBF8-5F3B71F0236A}.Debug|Any CPU.Build.0 = Debug|Any CPU
		{EFEECB7C-9E87-4D30-BBF8-5F3B71F0236A}.Release|Any CPU.ActiveCfg = Release|Any CPU
		{EFEECB7C-9E87-4D30-BBF8-5F3B71F0236A}.Release|Any CPU.Build.0 = Release|Any CPU
		{8E86EF63-5617-44B1-BB33-B58362ED4CBC}.Debug|Any CPU.ActiveCfg = Debug|Any CPU
		{8E86EF63-5617-44B1-BB33-B58362ED4CBC}.Debug|Any CPU.Build.0 = Debug|Any CPU
		{8E86EF63-5617-44B1-BB33-B58362ED4CBC}.Release|Any CPU.ActiveCfg = Release|Any CPU
		{8E86EF63-5617-44B1-BB33-B58362ED4CBC}.Release|Any CPU.Build.0 = Release|Any CPU
		{C2ACB673-FAE1-4386-9AFA-01C2531660CF}.Debug|Any CPU.ActiveCfg = Debug|Any CPU
		{C2ACB673-FAE1-4386-9AFA-01C2531660CF}.Debug|Any CPU.Build.0 = Debug|Any CPU
		{C2ACB673-FAE1-4386-9AFA-01C2531660CF}.Release|Any CPU.ActiveCfg = Release|Any CPU
		{C2ACB673-FAE1-4386-9AFA-01C2531660CF}.Release|Any CPU.Build.0 = Release|Any CPU
	EndGlobalSection
	GlobalSection(SolutionProperties) = preSolution
		HideSolutionNode = FALSE
	EndGlobalSection
	GlobalSection(NestedProjects) = preSolution
		{CB8E33D0-780E-4827-9889-083D15836B43} = {889D779D-954C-449F-B8A4-DFE855361CDD}
		{D86B170C-DDD8-4A6A-9E8B-11269989FCF8} = {265EC6F3-0EBE-4A91-B187-E884101DDB32}
		{E15F3564-5CCD-4EBA-87B3-1640245EEE2A} = {265EC6F3-0EBE-4A91-B187-E884101DDB32}
		{AE1997D7-FC5D-459D-A4CC-26004E2238AE} = {265EC6F3-0EBE-4A91-B187-E884101DDB32}
		{0096B558-D941-4748-9011-87E610D042C9} = {EB16D164-A7E0-4F16-AE4F-95F0B8342CBF}
		{82D37501-6C4A-4198-AAFE-7605A9023F29} = {EB16D164-A7E0-4F16-AE4F-95F0B8342CBF}
		{283A16C6-3BD9-4265-80D6-0C010142766D} = {EB16D164-A7E0-4F16-AE4F-95F0B8342CBF}
		{F7069065-18F6-41EE-9A66-CEFED404DAA8} = {EB16D164-A7E0-4F16-AE4F-95F0B8342CBF}
		{38D793B0-2B04-41E8-9A5C-F504DA0CC25E} = {91C8A99A-AA18-495F-8804-61C1333D1F37}
		{687BBFCF-90EE-42CD-BB21-99A542ABBB3E} = {91C8A99A-AA18-495F-8804-61C1333D1F37}
		{3EEABCDF-25A4-4D93-A57F-661B6CB7DF0A} = {91C8A99A-AA18-495F-8804-61C1333D1F37}
		{EFEECB7C-9E87-4D30-BBF8-5F3B71F0236A} = {F3FAD01D-619B-4B90-8D10-5C4587DA5723}
		{8E86EF63-5617-44B1-BB33-B58362ED4CBC} = {D07C5E78-73E2-4B6D-B822-44D5F1B6A4AD}
		{C2ACB673-FAE1-4386-9AFA-01C2531660CF} = {DB356562-63E4-438B-AE20-89D942026868}
	EndGlobalSection
	GlobalSection(ExtensibilityGlobals) = postSolution
		SolutionGuid = {52CB965B-B176-48B3-AF62-B09E757D8E3E}
	EndGlobalSection
EndGlobal
